// !$*UTF8*$!
{
	archiveVersion = 1;
	classes = {
	};
	objectVersion = 48;
	objects = {

/* Begin PBXBuildFile section */
		044293C01FBC47AB009E2999 /* AppDelegate.swift in Sources */ = {isa = PBXBuildFile; fileRef = 044293BF1FBC47AB009E2999 /* AppDelegate.swift */; };
		044293C21FBC47AB009E2999 /* ViewController.swift in Sources */ = {isa = PBXBuildFile; fileRef = 044293C11FBC47AB009E2999 /* ViewController.swift */; };
		044293C51FBC47AB009E2999 /* Main.storyboard in Resources */ = {isa = PBXBuildFile; fileRef = 044293C31FBC47AB009E2999 /* Main.storyboard */; };
		044293C81FBC47AB009E2999 /* DataBase.xcdatamodeld in Sources */ = {isa = PBXBuildFile; fileRef = 044293C61FBC47AB009E2999 /* DataBase.xcdatamodeld */; };
		044293CA1FBC47AB009E2999 /* Assets.xcassets in Resources */ = {isa = PBXBuildFile; fileRef = 044293C91FBC47AB009E2999 /* Assets.xcassets */; };
		044293CD1FBC47AB009E2999 /* LaunchScreen.storyboard in Resources */ = {isa = PBXBuildFile; fileRef = 044293CB1FBC47AB009E2999 /* LaunchScreen.storyboard */; };
		044293D51FBC4A5F009E2999 /* HomeModel.swift in Sources */ = {isa = PBXBuildFile; fileRef = 044293D41FBC4A5F009E2999 /* HomeModel.swift */; };
		044293D71FBC4A74009E2999 /* LocationModel.swift in Sources */ = {isa = PBXBuildFile; fileRef = 044293D61FBC4A74009E2999 /* LocationModel.swift */; };
/* End PBXBuildFile section */

/* Begin PBXFileReference section */
		044293BC1FBC47AB009E2999 /* DataBase.app */ = {isa = PBXFileReference; explicitFileType = wrapper.application; includeInIndex = 0; path = DataBase.app; sourceTree = BUILT_PRODUCTS_DIR; };
		044293BF1FBC47AB009E2999 /* AppDelegate.swift */ = {isa = PBXFileReference; lastKnownFileType = sourcecode.swift; path = AppDelegate.swift; sourceTree = "<group>"; };
		044293C11FBC47AB009E2999 /* ViewController.swift */ = {isa = PBXFileReference; lastKnownFileType = sourcecode.swift; path = ViewController.swift; sourceTree = "<group>"; };
		044293C41FBC47AB009E2999 /* Base */ = {isa = PBXFileReference; lastKnownFileType = file.storyboard; name = Base; path = Base.lproj/Main.storyboard; sourceTree = "<group>"; };
		044293C71FBC47AB009E2999 /* DataBase.xcdatamodel */ = {isa = PBXFileReference; lastKnownFileType = wrapper.xcdatamodel; path = DataBase.xcdatamodel; sourceTree = "<group>"; };
		044293C91FBC47AB009E2999 /* Assets.xcassets */ = {isa = PBXFileReference; lastKnownFileType = folder.assetcatalog; path = Assets.xcassets; sourceTree = "<group>"; };
		044293CC1FBC47AB009E2999 /* Base */ = {isa = PBXFileReference; lastKnownFileType = file.storyboard; name = Base; path = Base.lproj/LaunchScreen.storyboard; sourceTree = "<group>"; };
		044293CE1FBC47AB009E2999 /* Info.plist */ = {isa = PBXFileReference; lastKnownFileType = text.plist.xml; path = Info.plist; sourceTree = "<group>"; };
		044293D41FBC4A5F009E2999 /* HomeModel.swift */ = {isa = PBXFileReference; lastKnownFileType = sourcecode.swift; path = HomeModel.swift; sourceTree = "<group>"; };
		044293D61FBC4A74009E2999 /* LocationModel.swift */ = {isa = PBXFileReference; lastKnownFileType = sourcecode.swift; path = LocationModel.swift; sourceTree = "<group>"; };
/* End PBXFileReference section */

/* Begin PBXFrameworksBuildPhase section */
		044293B91FBC47AB009E2999 /* Frameworks */ = {
			isa = PBXFrameworksBuildPhase;
			buildActionMask = 2147483647;
			files = (
			);
			runOnlyForDeploymentPostprocessing = 0;
		};
/* End PBXFrameworksBuildPhase section */

/* Begin PBXGroup section */
		044293B31FBC47AB009E2999 = {
			isa = PBXGroup;
			children = (
				044293BE1FBC47AB009E2999 /* DataBase */,
				044293BD1FBC47AB009E2999 /* Products */,
			);
			sourceTree = "<group>";
		};
		044293BD1FBC47AB009E2999 /* Products */ = {
			isa = PBXGroup;
			children = (
				044293BC1FBC47AB009E2999 /* DataBase.app */,
			);
			name = Products;
			sourceTree = "<group>";
		};
		044293BE1FBC47AB009E2999 /* DataBase */ = {
			isa = PBXGroup;
			children = (
				044293BF1FBC47AB009E2999 /* AppDelegate.swift */,
				044293C11FBC47AB009E2999 /* ViewController.swift */,
				044293C31FBC47AB009E2999 /* Main.storyboard */,
				044293C91FBC47AB009E2999 /* Assets.xcassets */,
				044293CB1FBC47AB009E2999 /* LaunchScreen.storyboard */,
				044293CE1FBC47AB009E2999 /* Info.plist */,
				044293C61FBC47AB009E2999 /* DataBase.xcdatamodeld */,
				044293D41FBC4A5F009E2999 /* HomeModel.swift */,
				044293D61FBC4A74009E2999 /* LocationModel.swift */,
			);
			path = DataBase;
			sourceTree = "<group>";
		};
/* End PBXGroup section */

/* Begin PBXNativeTarget section */
		044293BB1FBC47AB009E2999 /* DataBase */ = {
			isa = PBXNativeTarget;
			buildConfigurationList = 044293D11FBC47AB009E2999 /* Build configuration list for PBXNativeTarget "DataBase" */;
			buildPhases = (
				044293B81FBC47AB009E2999 /* Sources */,
				044293B91FBC47AB009E2999 /* Frameworks */,
				044293BA1FBC47AB009E2999 /* Resources */,
			);
			buildRules = (
			);
			dependencies = (
			);
			name = DataBase;
			productName = DataBase;
			productReference = 044293BC1FBC47AB009E2999 /* DataBase.app */;
			productType = "com.apple.product-type.application";
		};
/* End PBXNativeTarget section */

/* Begin PBXProject section */
		044293B41FBC47AB009E2999 /* Project object */ = {
			isa = PBXProject;
			attributes = {
				LastSwiftUpdateCheck = 0900;
				LastUpgradeCheck = 0900;
				ORGANIZATIONNAME = YurCom;
				TargetAttributes = {
					044293BB1FBC47AB009E2999 = {
						CreatedOnToolsVersion = 9.0.1;
						ProvisioningStyle = Automatic;
					};
				};
			};
			buildConfigurationList = 044293B71FBC47AB009E2999 /* Build configuration list for PBXProject "DataBase" */;
			compatibilityVersion = "Xcode 8.0";
			developmentRegion = en;
			hasScannedForEncodings = 0;
			knownRegions = (
				en,
				Base,
			);
			mainGroup = 044293B31FBC47AB009E2999;
			productRefGroup = 044293BD1FBC47AB009E2999 /* Products */;
			projectDirPath = "";
			projectRoot = "";
			targets = (
				044293BB1FBC47AB009E2999 /* DataBase */,
			);
		};
/* End PBXProject section */

/* Begin PBXResourcesBuildPhase section */
		044293BA1FBC47AB009E2999 /* Resources */ = {
			isa = PBXResourcesBuildPhase;
			buildActionMask = 2147483647;
			files = (
				044293CD1FBC47AB009E2999 /* LaunchScreen.storyboard in Resources */,
				044293CA1FBC47AB009E2999 /* Assets.xcassets in Resources */,
				044293C51FBC47AB009E2999 /* Main.storyboard in Resources */,
			);
			runOnlyForDeploymentPostprocessing = 0;
		};
/* End PBXResourcesBuildPhase section */

/* Begin PBXSourcesBuildPhase section */
		044293B81FBC47AB009E2999 /* Sources */ = {
			isa = PBXSourcesBuildPhase;
			buildActionMask = 2147483647;
			files = (
				044293D51FBC4A5F009E2999 /* HomeModel.swift in Sources */,
				044293C21FBC47AB009E2999 /* ViewController.swift in Sources */,
				044293C01FBC47AB009E2999 /* AppDelegate.swift in Sources */,
				044293D71FBC4A74009E2999 /* LocationModel.swift in Sources */,
				044293C81FBC47AB009E2999 /* DataBase.xcdatamodeld in Sources */,
			);
			runOnlyForDeploymentPostprocessing = 0;
		};
/* End PBXSourcesBuildPhase section */

/* Begin PBXVariantGroup section */
		044293C31FBC47AB009E2999 /* Main.storyboard */ = {
			isa = PBXVariantGroup;
			children = (
				044293C41FBC47AB009E2999 /* Base */,
			);
			name = Main.storyboard;
			sourceTree = "<group>";
		};
		044293CB1FBC47AB009E2999 /* LaunchScreen.storyboard */ = {
			isa = PBXVariantGroup;
			children = (
				044293CC1FBC47AB009E2999 /* Base */,
			);
			name = LaunchScreen.storyboard;
			sourceTree = "<group>";
		};
/* End PBXVariantGroup section */

/* Begin XCBuildConfiguration section */
		044293CF1FBC47AB009E2999 /* Debug */ = {
			isa = XCBuildConfiguration;
			buildSettings = {
				ALWAYS_SEARCH_USER_PATHS = NO;
				CLANG_ANALYZER_NONNULL = YES;
				CLANG_ANALYZER_NUMBER_OBJECT_CONVERSION = YES_AGGRESSIVE;
				CLANG_CXX_LANGUAGE_STANDARD = "gnu++14";
				CLANG_CXX_LIBRARY = "libc++";
				CLANG_ENABLE_MODULES = YES;
				CLANG_ENABLE_OBJC_ARC = YES;
				CLANG_WARN_BLOCK_CAPTURE_AUTORELEASING = YES;
				CLANG_WARN_BOOL_CONVERSION = YES;
				CLANG_WARN_COMMA = YES;
				CLANG_WARN_CONSTANT_CONVERSION = YES;
				CLANG_WARN_DIRECT_OBJC_ISA_USAGE = YES_ERROR;
				CLANG_WARN_DOCUMENTATION_COMMENTS = YES;
				CLANG_WARN_EMPTY_BODY = YES;
				CLANG_WARN_ENUM_CONVERSION = YES;
				CLANG_WARN_INFINITE_RECURSION = YES;
				CLANG_WARN_INT_CONVERSION = YES;
				CLANG_WARN_NON_LITERAL_NULL_CONVERSION = YES;
				CLANG_WARN_OBJC_LITERAL_CONVERSION = YES;
				CLANG_WARN_OBJC_ROOT_CLASS = YES_ERROR;
				CLANG_WARN_RANGE_LOOP_ANALYSIS = YES;
				CLANG_WARN_STRICT_PROTOTYPES = YES;
				CLANG_WARN_SUSPICIOUS_MOVE = YES;
				CLANG_WARN_UNGUARDED_AVAILABILITY = YES_AGGRESSIVE;
				CLANG_WARN_UNREACHABLE_CODE = YES;
				CLANG_WARN__DUPLICATE_METHOD_MATCH = YES;
				CODE_SIGN_IDENTITY = "iPhone Developer";
				COPY_PHASE_STRIP = NO;
				DEBUG_INFORMATION_FORMAT = dwarf;
				ENABLE_STRICT_OBJC_MSGSEND = YES;
				ENABLE_TESTABILITY = YES;
				GCC_C_LANGUAGE_STANDARD = gnu11;
				GCC_DYNAMIC_NO_PIC = NO;
				GCC_NO_COMMON_BLOCKS = YES;
				GCC_OPTIMIZATION_LEVEL = 0;
				GCC_PREPROCESSOR_DEFINITIONS = (
					"DEBUG=1",
					"$(inherited)",
				);
				GCC_WARN_64_TO_32_BIT_CONVERSION = YES;
				GCC_WARN_ABOUT_RETURN_TYPE = YES_ERROR;
				GCC_WARN_UNDECLARED_SELECTOR = YES;
				GCC_WARN_UNINITIALIZED_AUTOS = YES_AGGRESSIVE;
				GCC_WARN_UNUSED_FUNCTION = YES;
				GCC_WARN_UNUSED_VARIABLE = YES;
				IPHONEOS_DEPLOYMENT_TARGET = 11.0;
				MTL_ENABLE_DEBUG_INFO = YES;
				ONLY_ACTIVE_ARCH = YES;
				SDKROOT = iphoneos;
				SWIFT_ACTIVE_COMPILATION_CONDITIONS = DEBUG;
				SWIFT_OPTIMIZATION_LEVEL = "-Onone";
			};
			name = Debug;
		};
		044293D01FBC47AB009E2999 /* Release */ = {
			isa = XCBuildConfiguration;
			buildSettings = {
				ALWAYS_SEARCH_USER_PATHS = NO;
				CLANG_ANALYZER_NONNULL = YES;
				CLANG_ANALYZER_NUMBER_OBJECT_CONVERSION = YES_AGGRESSIVE;
				CLANG_CXX_LANGUAGE_STANDARD = "gnu++14";
				CLANG_CXX_LIBRARY = "libc++";
				CLANG_ENABLE_MODULES = YES;
				CLANG_ENABLE_OBJC_ARC = YES;
				CLANG_WARN_BLOCK_CAPTURE_AUTORELEASING = YES;
				CLANG_WARN_BOOL_CONVERSION = YES;
				CLANG_WARN_COMMA = YES;
				CLANG_WARN_CONSTANT_CONVERSION = YES;
				CLANG_WARN_DIRECT_OBJC_ISA_USAGE = YES_ERROR;
				CLANG_WARN_DOCUMENTATION_COMMENTS = YES;
				CLANG_WARN_EMPTY_BODY = YES;
				CLANG_WARN_ENUM_CONVERSION = YES;
				CLANG_WARN_INFINITE_RECURSION = YES;
				CLANG_WARN_INT_CONVERSION = YES;
				CLANG_WARN_NON_LITERAL_NULL_CONVERSION = YES;
				CLANG_WARN_OBJC_LITERAL_CONVERSION = YES;
				CLANG_WARN_OBJC_ROOT_CLASS = YES_ERROR;
				CLANG_WARN_RANGE_LOOP_ANALYSIS = YES;
				CLANG_WARN_STRICT_PROTOTYPES = YES;
				CLANG_WARN_SUSPICIOUS_MOVE = YES;
				CLANG_WARN_UNGUARDED_AVAILABILITY = YES_AGGRESSIVE;
				CLANG_WARN_UNREACHABLE_CODE = YES;
				CLANG_WARN__DUPLICATE_METHOD_MATCH = YES;
				CODE_SIGN_IDENTITY = "iPhone Developer";
				COPY_PHASE_STRIP = NO;
				DEBUG_INFORMATION_FORMAT = "dwarf-with-dsym";
				ENABLE_NS_ASSERTIONS = NO;
				ENABLE_STRICT_OBJC_MSGSEND = YES;
				GCC_C_LANGUAGE_STANDARD = gnu11;
				GCC_NO_COMMON_BLOCKS = YES;
				GCC_WARN_64_TO_32_BIT_CONVERSION = YES;
				GCC_WARN_ABOUT_RETURN_TYPE = YES_ERROR;
				GCC_WARN_UNDECLARED_SELECTOR = YES;
				GCC_WARN_UNINITIALIZED_AUTOS = YES_AGGRESSIVE;
				GCC_WARN_UNUSED_FUNCTION = YES;
				GCC_WARN_UNUSED_VARIABLE = YES;
				IPHONEOS_DEPLOYMENT_TARGET = 11.0;
				MTL_ENABLE_DEBUG_INFO = NO;
				SDKROOT = iphoneos;
				SWIFT_OPTIMIZATION_LEVEL = "-Owholemodule";
				VALIDATE_PRODUCT = YES;
			};
			name = Release;
		};
		044293D21FBC47AB009E2999 /* Debug */ = {
			isa = XCBuildConfiguration;
			buildSettings = {
				ASSETCATALOG_COMPILER_APPICON_NAME = AppIcon;
				CODE_SIGN_STYLE = Automatic;
				DEVELOPMENT_TEAM = 8AUS4KGAR5;
				INFOPLIST_FILE = DataBase/Info.plist;
				LD_RUNPATH_SEARCH_PATHS = "$(inherited) @executable_path/Frameworks";
				PRODUCT_BUNDLE_IDENTIFIER = yc.DataBase;
				PRODUCT_NAME = "$(TARGET_NAME)";
				SWIFT_VERSION = 4.0;
				TARGETED_DEVICE_FAMILY = "1,2";
			};
			name = Debug;
		};
		044293D31FBC47AB009E2999 /* Release */ = {
			isa = XCBuildConfiguration;
			buildSettings = {
				ASSETCATALOG_COMPILER_APPICON_NAME = AppIcon;
				CODE_SIGN_STYLE = Automatic;
				DEVELOPMENT_TEAM = 8AUS4KGAR5;
				INFOPLIST_FILE = DataBase/Info.plist;
				LD_RUNPATH_SEARCH_PATHS = "$(inherited) @executable_path/Frameworks";
				PRODUCT_BUNDLE_IDENTIFIER = yc.DataBase;
				PRODUCT_NAME = "$(TARGET_NAME)";
				SWIFT_VERSION = 4.0;
				TARGETED_DEVICE_FAMILY = "1,2";
			};
			name = Release;
		};
/* End XCBuildConfiguration section */

/* Begin XCConfigurationList section */
		044293B71FBC47AB009E2999 /* Build configuration list for PBXProject "DataBase" */ = {
			isa = XCConfigurationList;
			buildConfigurations = (
				044293CF1FBC47AB009E2999 /* Debug */,
				044293D01FBC47AB009E2999 /* Release */,
			);
			defaultConfigurationIsVisible = 0;
			defaultConfigurationName = Release;
		};
		044293D11FBC47AB009E2999 /* Build configuration list for PBXNativeTarget "DataBase" */ = {
			isa = XCConfigurationList;
			buildConfigurations = (
				044293D21FBC47AB009E2999 /* Debug */,
				044293D31FBC47AB009E2999 /* Release */,
			);
			defaultConfigurationIsVisible = 0;
			defaultConfigurationName = Release;
		};
/* End XCConfigurationList section */

/* Begin XCVersionGroup section */
		044293C61FBC47AB009E2999 /* DataBase.xcdatamodeld */ = {
			isa = XCVersionGroup;
			children = (
				044293C71FBC47AB009E2999 /* DataBase.xcdatamodel */,
			);
			currentVersion = 044293C71FBC47AB009E2999 /* DataBase.xcdatamodel */;
			path = DataBase.xcdatamodeld;
			sourceTree = "<group>";
			versionGroupType = wrapper.xcdatamodel;
		};
/* End XCVersionGroup section */
	};
	rootObject = 044293B41FBC47AB009E2999 /* Project object */;
}
